{
  "name": "win-mum-bday",
  "version": "1.0.0",
  "lockfileVersion": 1,
  "requires": true,
  "dependencies": {
    "canvas-confetti": {
      "version": "1.3.1",
      "resolved": "https://registry.npmjs.org/canvas-confetti/-/canvas-confetti-1.3.1.tgz",
      "integrity": "sha512-gX4K7JH9JsjEl6eOUa5/NilKExT/9uxXg6Z2+Z2O/lgU/pc1Rfd97Q+bBHQpnZeYfBEbvp1iU8e0CKW+1WBdGw=="
    }
  }
}
